
Microsoft Visual Studio Solution File, Format Version 12.00
# Visual Studio Version 16
VisualStudioVersion = 16.0.31702.278
MinimumVisualStudioVersion = 10.0.40219.1
Project("{FAE04EC0-301F-11D3-BF4B-00C04F79EFBC}") = "CGLab5", "CGLab5.csproj", "{A9E4FD88-07E7-4437-B953-2D47B3B71931}"
EndProject
Global
	GlobalSection(SolutionConfigurationPlatforms) = preSolution
		Debug|Any CPU = Debug|Any CPU
		Release|Any CPU = Release|Any CPU
	EndGlobalSection
	GlobalSection(ProjectConfigurationPlatforms) = postSolution
		{A9E4FD88-07E7-4437-B953-2D47B3B71931}.Debug|Any CPU.ActiveCfg = Debug|Any CPU
		{A9E4FD88-07E7-4437-B953-2D47B3B71931}.Debug|Any CPU.Build.0 = Debug|Any CPU
		{A9E4FD88-07E7-4437-B953-2D47B3B71931}.Release|Any CPU.ActiveCfg = Release|Any CPU
		{A9E4FD88-07E7-4437-B953-2D47B3B71931}.Release|Any CPU.Build.0 = Release|Any CPU
	EndGlobalSection
	GlobalSection(SolutionProperties) = preSolution
		HideSolutionNode = FALSE
	EndGlobalSection
	GlobalSection(ExtensibilityGlobals) = postSolution
		SolutionGuid = {DDB80610-D648-4977-83F8-870741D765DA}
	EndGlobalSection
EndGlobal
