
Microsoft Visual Studio Solution File, Format Version 12.00
# Visual Studio Version 16
VisualStudioVersion = 16.0.29306.81
MinimumVisualStudioVersion = 10.0.40219.1
Project("{FAE04EC0-301F-11D3-BF4B-00C04F79EFBC}") = "WindowsFormsApp1", "WindowsFormsApp1.csproj", "{D2477F06-25C7-44DC-81B7-62AFB72EFC7F}"
EndProject
Global
	GlobalSection(SolutionConfigurationPlatforms) = preSolution
		Debug|Any CPU = Debug|Any CPU
		Release|Any CPU = Release|Any CPU
	EndGlobalSection
	GlobalSection(ProjectConfigurationPlatforms) = postSolution
		{D2477F06-25C7-44DC-81B7-62AFB72EFC7F}.Debug|Any CPU.ActiveCfg = Debug|Any CPU
		{D2477F06-25C7-44DC-81B7-62AFB72EFC7F}.Debug|Any CPU.Build.0 = Debug|Any CPU
		{D2477F06-25C7-44DC-81B7-62AFB72EFC7F}.Release|Any CPU.ActiveCfg = Release|Any CPU
		{D2477F06-25C7-44DC-81B7-62AFB72EFC7F}.Release|Any CPU.Build.0 = Release|Any CPU
	EndGlobalSection
	GlobalSection(SolutionProperties) = preSolution
		HideSolutionNode = FALSE
	EndGlobalSection
	GlobalSection(ExtensibilityGlobals) = postSolution
		SolutionGuid = {143B5004-4CF2-44AB-9C0A-03AB2FD4F72E}
	EndGlobalSection
EndGlobal
